
Microsoft Visual Studio Solution File, Format Version 12.00
Project("{FAE04EC0-301F-11D3-BF4B-00C04F79EFBC}") = "AdoNet_MySQL_Demo.App", "AdoNet_MySQL_Demo.App\AdoNet_MySQL_Demo.App.csproj", "{80E56FC2-25EB-4FFD-A8FA-CCEBA886DE94}"
EndProject
Project("{FAE04EC0-301F-11D3-BF4B-00C04F79EFBC}") = "AdoNet_MySQL_Demo.Lib", "AdoNet_MySQL_Demo.Lib\AdoNet_MySQL_Demo.Lib.csproj", "{C131BA9F-F538-4A46-B169-4E21D13EE810}"
EndProject
Global
	GlobalSection(SolutionConfigurationPlatforms) = preSolution
		Debug|Any CPU = Debug|Any CPU
		Release|Any CPU = Release|Any CPU
	EndGlobalSection
	GlobalSection(ProjectConfigurationPlatforms) = postSolution
		{80E56FC2-25EB-4FFD-A8FA-CCEBA886DE94}.Debug|Any CPU.ActiveCfg = Debug|Any CPU
		{80E56FC2-25EB-4FFD-A8FA-CCEBA886DE94}.Debug|Any CPU.Build.0 = Debug|Any CPU
		{80E56FC2-25EB-4FFD-A8FA-CCEBA886DE94}.Release|Any CPU.ActiveCfg = Release|Any CPU
		{80E56FC2-25EB-4FFD-A8FA-CCEBA886DE94}.Release|Any CPU.Build.0 = Release|Any CPU
		{C131BA9F-F538-4A46-B169-4E21D13EE810}.Debug|Any CPU.ActiveCfg = Debug|Any CPU
		{C131BA9F-F538-4A46-B169-4E21D13EE810}.Debug|Any CPU.Build.0 = Debug|Any CPU
		{C131BA9F-F538-4A46-B169-4E21D13EE810}.Release|Any CPU.ActiveCfg = Release|Any CPU
		{C131BA9F-F538-4A46-B169-4E21D13EE810}.Release|Any CPU.Build.0 = Release|Any CPU
	EndGlobalSection
EndGlobal
